# THIS IS AN AUTOGENERATED FILE. DO NOT EDIT THIS FILE DIRECTLY.
# yarn lockfile v1


confusing-browser-globals@^1.0.5:
  version "1.0.5"
  resolved "https://registry.yarnpkg.com/confusing-browser-globals/-/confusing-browser-globals-1.0.5.tgz#0171050cfdd4261e278978078bc00c4d88e135f4"
  integrity sha512-tHo1tQL/9Ox5RELbkCAJhnViqWlzBz3MG1bB2czbHjH2mWd4aYUgNCNLfysFL7c4LoDws7pjg2tj48Gmpw4QHA==

eslint-plugin-react-hooks@1.x:
  version "1.5.1"
  resolved "https://registry.yarnpkg.com/eslint-plugin-react-hooks/-/eslint-plugin-react-hooks-1.5.1.tgz#3c601326914ee0e1fedd709115db4940bdbbed4a"
  integrity sha512-i3dIrmZ+Ssrm0LrbbtuGcRf7EEpe1FaMuL8XnnpZO0X4tk3dZNzevWxD0/7nMAFa5yZQfNnYkfEP0MmwLvbdHw==
